
Microsoft Visual Studio Solution File, Format Version 12.00
# Visual Studio Version 16
VisualStudioVersion = 16.0.32802.440
MinimumVisualStudioVersion = 10.0.40219.1
Project("{FAE04EC0-301F-11D3-BF4B-00C04F79EFBC}") = "AracKiralama-Uygulama", "AracKiralama-Uygulama\AracKiralama-Uygulama.csproj", "{45718C4A-E0F0-45E3-B2E4-B6AA26B3FABA}"
EndProject
Global
	GlobalSection(SolutionConfigurationPlatforms) = preSolution
		Debug|Any CPU = Debug|Any CPU
		Release|Any CPU = Release|Any CPU
	EndGlobalSection
	GlobalSection(ProjectConfigurationPlatforms) = postSolution
		{45718C4A-E0F0-45E3-B2E4-B6AA26B3FABA}.Debug|Any CPU.ActiveCfg = Debug|Any CPU
		{45718C4A-E0F0-45E3-B2E4-B6AA26B3FABA}.Debug|Any CPU.Build.0 = Debug|Any CPU
		{45718C4A-E0F0-45E3-B2E4-B6AA26B3FABA}.Release|Any CPU.ActiveCfg = Release|Any CPU
		{45718C4A-E0F0-45E3-B2E4-B6AA26B3FABA}.Release|Any CPU.Build.0 = Release|Any CPU
	EndGlobalSection
	GlobalSection(SolutionProperties) = preSolution
		HideSolutionNode = FALSE
	EndGlobalSection
	GlobalSection(ExtensibilityGlobals) = postSolution
		SolutionGuid = {1BFBF270-0BF5-4A65-8350-A882C34206CD}
	EndGlobalSection
EndGlobal
